schema: '2.0'
stages:
  data_ingestion:
    cmd: python src/youtube_sentiment/data_ingestion.py
    deps:
    - path: src/youtube_sentiment/data_ingestion.py
      hash: md5
      md5: 2b12347bd08ab78d8fa7ba82aecdf96c
      size: 4805
    params:
      params.yaml:
        data_ingestion.test_size: 0.2
    outs:
    - path: data/raw/test.csv
      hash: md5
      md5: ea97ba82a4a25627bf4ffb52572484ea
      size: 1348612
    - path: data/raw/train.csv
      hash: md5
      md5: 1bd422dd6d135bced1d6c64a3e84a45d
      size: 5571089
  data_preprocessing:
    cmd: python src/youtube_sentiment/data_preprocessing.py
    deps:
    - path: data/raw/test.csv
      hash: md5
      md5: ea97ba82a4a25627bf4ffb52572484ea
      size: 1348612
    - path: data/raw/train.csv
      hash: md5
      md5: 1bd422dd6d135bced1d6c64a3e84a45d
      size: 5571089
    - path: src/youtube_sentiment/data_preprocessing.py
      hash: md5
      md5: 0b63185bce1b253a7da76a7106a06cf1
      size: 3824
    outs:
    - path: data/interim
      hash: md5
      md5: ba42408e7bd1e85685474d6a349ae57e.dir
      size: 5134850
      nfiles: 2
  model_building:
    cmd: python src/youtube_sentiment/models/model_building.py
    deps:
    - path: data/interim/train_processed.csv
      hash: md5
      md5: 35027dfda8274bd9356544f2ff358aa4
      size: 4134324
    - path: src/youtube_sentiment/models/model_building.py
      hash: md5
      md5: 847b6fe48a11ce950cfc2a81d375beb2
      size: 6637
    params:
      params.yaml:
        Model:
          random_forest:
            type: RandomForestClassifier
            params:
              n_estimators: 100
              max_depth: 10
              random_state: 42
          gradient_boosting:
            type: GradientBoostingClassifier
            params:
              n_estimators: 100
              learning_rate: 0.1
              max_depth: 3
              random_state: 42
          lightgbm:
            type: LGBMClassifier
            params:
              n_estimators: 367
              learning_rate: 0.09
              max_depth: 15
              random_state: 42
              objective: multiclass
              num_class: 3
              is_unbalance: true
              class_weight: balanced
              reg_alpha: 0.1
              reg_lambda: 0.1
        active_environment: dev
        vectorizers:
          tfidf:
            ngram_range:
            - 1
            - 3
            max_features: 800
          count:
            ngram_range:
            - 1
            - 2
            max_features: 1500
            min_df: 3
            max_df: 0.8
            analyzer: word
            stop_words: english
          word2vec:
            vector_size: 100
            window: 5
            min_count: 3
            workers: 4
            sg: 1
    outs:
    - path: models/lgbm_model.pkl
      hash: md5
      md5: 6600216b70350354b9c223c1a7eb52de
      size: 3748273
    - path: models/tfidf_vectorizer.pkl
      hash: md5
      md5: 6a069edf8f0e6c7b8309a6f7206b414b
      size: 29534
  model_evaluation:
    cmd: python src/youtube_sentiment/models/model_evaluation.py
    deps:
    - path: data/interim/test_processed.csv
      hash: md5
      md5: 4f30375397ec89fead1745ee6d70f201
      size: 1000526
    - path: data/interim/train_processed.csv
      hash: md5
      md5: 35027dfda8274bd9356544f2ff358aa4
      size: 4134324
    - path: models/lgbm_model.pkl
      hash: md5
      md5: 6600216b70350354b9c223c1a7eb52de
      size: 3748273
    - path: models/tfidf_vectorizer.pkl
      hash: md5
      md5: 6a069edf8f0e6c7b8309a6f7206b414b
      size: 29534
    - path: src/youtube_sentiment/config.py
      hash: md5
      md5: 259eb639c3a991bdddcb22ce6408154b
      size: 632
    - path: src/youtube_sentiment/models/model_evaluation.py
      hash: md5
      md5: ef7cc25fe78fd2efb39209d03674f984
      size: 9993
    outs:
    - path: resources/experiment_info.json
      hash: md5
      md5: c57ceb167c72550290346af3111388b0
      size: 126
  model_registration:
    cmd: python src/youtube_sentiment/models/register_model.py
    deps:
    - path: src/youtube_sentiment/models/register_model.py
      hash: md5
      md5: 0c64df1d1e3f9951ff66d8b8cf0064e1
      size: 5230
